
Microsoft Visual Studio Solution File, Format Version 12.00
# Visual Studio Version 17
VisualStudioVersion = 17.7.34221.43
MinimumVisualStudioVersion = 10.0.40219.1
Project("{9A19103F-16F7-4668-BE54-9A1E7A4F7556}") = "AspNetCoreTodo.UnitTests", "AspNetCoreTodo.UnitTests.csproj", "{89F1D1D9-9309-4F31-9651-CCBB5301019B}"
EndProject
Global
	GlobalSection(SolutionConfigurationPlatforms) = preSolution
		Debug|Any CPU = Debug|Any CPU
		Release|Any CPU = Release|Any CPU
	EndGlobalSection
	GlobalSection(ProjectConfigurationPlatforms) = postSolution
		{89F1D1D9-9309-4F31-9651-CCBB5301019B}.Debug|Any CPU.ActiveCfg = Debug|Any CPU
		{89F1D1D9-9309-4F31-9651-CCBB5301019B}.Debug|Any CPU.Build.0 = Debug|Any CPU
		{89F1D1D9-9309-4F31-9651-CCBB5301019B}.Release|Any CPU.ActiveCfg = Release|Any CPU
		{89F1D1D9-9309-4F31-9651-CCBB5301019B}.Release|Any CPU.Build.0 = Release|Any CPU
	EndGlobalSection
	GlobalSection(SolutionProperties) = preSolution
		HideSolutionNode = FALSE
	EndGlobalSection
	GlobalSection(ExtensibilityGlobals) = postSolution
		SolutionGuid = {D6C09C1E-3EC0-4005-AE11-762474223937}
	EndGlobalSection
EndGlobal
